
Microsoft Visual Studio Solution File, Format Version 12.00
# Visual Studio Version 17
VisualStudioVersion = 17.0.32002.185
MinimumVisualStudioVersion = 10.0.40219.1
Project("{FAE04EC0-301F-11D3-BF4B-00C04F79EFBC}") = "DataGridWithWebApiService", "DataGridWithWebApiService\DataGridWithWebApiService.csproj", "{F577477C-5E0C-46EA-B8C7-B6125D40851A}"
EndProject
Global
	GlobalSection(SolutionConfigurationPlatforms) = preSolution
		Debug|Any CPU = Debug|Any CPU
		Release|Any CPU = Release|Any CPU
	EndGlobalSection
	GlobalSection(ProjectConfigurationPlatforms) = postSolution
		{F577477C-5E0C-46EA-B8C7-B6125D40851A}.Debug|Any CPU.ActiveCfg = Debug|Any CPU
		{F577477C-5E0C-46EA-B8C7-B6125D40851A}.Debug|Any CPU.Build.0 = Debug|Any CPU
		{F577477C-5E0C-46EA-B8C7-B6125D40851A}.Release|Any CPU.ActiveCfg = Release|Any CPU
		{F577477C-5E0C-46EA-B8C7-B6125D40851A}.Release|Any CPU.Build.0 = Release|Any CPU
	EndGlobalSection
	GlobalSection(SolutionProperties) = preSolution
		HideSolutionNode = FALSE
	EndGlobalSection
	GlobalSection(ExtensibilityGlobals) = postSolution
		SolutionGuid = {18211672-B6E1-487C-A2DB-F3B9DA794966}
	EndGlobalSection
EndGlobal
